
Microsoft Visual Studio Solution File, Format Version 12.00
# Visual Studio 14
VisualStudioVersion = 14.0.25123.0
MinimumVisualStudioVersion = 10.0.40219.1
Project("{FAE04EC0-301F-11D3-BF4B-00C04F79EFBC}") = "BankingLibrary", "BankingLibrary\BankingLibrary.csproj", "{2B8708F6-3838-47B9-8382-06A2C532FA39}"
EndProject
Project("{FAE04EC0-301F-11D3-BF4B-00C04F79EFBC}") = "DataPersistenceUniversalApp", "DataPersistenceUniversalApp\DataPersistenceUniversalApp.csproj", "{8B3DEA4C-2C61-4CAB-8636-A5ACECA9B9C6}"
EndProject
Project("{FAE04EC0-301F-11D3-BF4B-00C04F79EFBC}") = "DataPersistenceConsole", "DataPersistenceConsole\DataPersistenceConsole.csproj", "{109C9114-B516-466D-95F7-456BCD38A48D}"
EndProject
Global
	GlobalSection(SolutionConfigurationPlatforms) = preSolution
		Debug|Any CPU = Debug|Any CPU
		Debug|ARM = Debug|ARM
		Debug|x64 = Debug|x64
		Debug|x86 = Debug|x86
		Release|Any CPU = Release|Any CPU
		Release|ARM = Release|ARM
		Release|x64 = Release|x64
		Release|x86 = Release|x86
	EndGlobalSection
	GlobalSection(ProjectConfigurationPlatforms) = postSolution
		{2B8708F6-3838-47B9-8382-06A2C532FA39}.Debug|Any CPU.ActiveCfg = Debug|Any CPU
		{2B8708F6-3838-47B9-8382-06A2C532FA39}.Debug|Any CPU.Build.0 = Debug|Any CPU
		{2B8708F6-3838-47B9-8382-06A2C532FA39}.Debug|ARM.ActiveCfg = Debug|Any CPU
		{2B8708F6-3838-47B9-8382-06A2C532FA39}.Debug|ARM.Build.0 = Debug|Any CPU
		{2B8708F6-3838-47B9-8382-06A2C532FA39}.Debug|x64.ActiveCfg = Debug|Any CPU
		{2B8708F6-3838-47B9-8382-06A2C532FA39}.Debug|x64.Build.0 = Debug|Any CPU
		{2B8708F6-3838-47B9-8382-06A2C532FA39}.Debug|x86.ActiveCfg = Debug|Any CPU
		{2B8708F6-3838-47B9-8382-06A2C532FA39}.Debug|x86.Build.0 = Debug|Any CPU
		{2B8708F6-3838-47B9-8382-06A2C532FA39}.Release|Any CPU.ActiveCfg = Release|Any CPU
		{2B8708F6-3838-47B9-8382-06A2C532FA39}.Release|Any CPU.Build.0 = Release|Any CPU
		{2B8708F6-3838-47B9-8382-06A2C532FA39}.Release|ARM.ActiveCfg = Release|Any CPU
		{2B8708F6-3838-47B9-8382-06A2C532FA39}.Release|ARM.Build.0 = Release|Any CPU
		{2B8708F6-3838-47B9-8382-06A2C532FA39}.Release|x64.ActiveCfg = Release|Any CPU
		{2B8708F6-3838-47B9-8382-06A2C532FA39}.Release|x64.Build.0 = Release|Any CPU
		{2B8708F6-3838-47B9-8382-06A2C532FA39}.Release|x86.ActiveCfg = Release|Any CPU
		{2B8708F6-3838-47B9-8382-06A2C532FA39}.Release|x86.Build.0 = Release|Any CPU
		{8B3DEA4C-2C61-4CAB-8636-A5ACECA9B9C6}.Debug|Any CPU.ActiveCfg = Debug|x86
		{8B3DEA4C-2C61-4CAB-8636-A5ACECA9B9C6}.Debug|ARM.ActiveCfg = Debug|ARM
		{8B3DEA4C-2C61-4CAB-8636-A5ACECA9B9C6}.Debug|ARM.Build.0 = Debug|ARM
		{8B3DEA4C-2C61-4CAB-8636-A5ACECA9B9C6}.Debug|ARM.Deploy.0 = Debug|ARM
		{8B3DEA4C-2C61-4CAB-8636-A5ACECA9B9C6}.Debug|x64.ActiveCfg = Debug|x64
		{8B3DEA4C-2C61-4CAB-8636-A5ACECA9B9C6}.Debug|x64.Build.0 = Debug|x64
		{8B3DEA4C-2C61-4CAB-8636-A5ACECA9B9C6}.Debug|x64.Deploy.0 = Debug|x64
		{8B3DEA4C-2C61-4CAB-8636-A5ACECA9B9C6}.Debug|x86.ActiveCfg = Debug|x86
		{8B3DEA4C-2C61-4CAB-8636-A5ACECA9B9C6}.Debug|x86.Build.0 = Debug|x86
		{8B3DEA4C-2C61-4CAB-8636-A5ACECA9B9C6}.Debug|x86.Deploy.0 = Debug|x86
		{8B3DEA4C-2C61-4CAB-8636-A5ACECA9B9C6}.Release|Any CPU.ActiveCfg = Release|x86
		{8B3DEA4C-2C61-4CAB-8636-A5ACECA9B9C6}.Release|ARM.ActiveCfg = Release|ARM
		{8B3DEA4C-2C61-4CAB-8636-A5ACECA9B9C6}.Release|ARM.Build.0 = Release|ARM
		{8B3DEA4C-2C61-4CAB-8636-A5ACECA9B9C6}.Release|ARM.Deploy.0 = Release|ARM
		{8B3DEA4C-2C61-4CAB-8636-A5ACECA9B9C6}.Release|x64.ActiveCfg = Release|x64
		{8B3DEA4C-2C61-4CAB-8636-A5ACECA9B9C6}.Release|x64.Build.0 = Release|x64
		{8B3DEA4C-2C61-4CAB-8636-A5ACECA9B9C6}.Release|x64.Deploy.0 = Release|x64
		{8B3DEA4C-2C61-4CAB-8636-A5ACECA9B9C6}.Release|x86.ActiveCfg = Release|x86
		{8B3DEA4C-2C61-4CAB-8636-A5ACECA9B9C6}.Release|x86.Build.0 = Release|x86
		{8B3DEA4C-2C61-4CAB-8636-A5ACECA9B9C6}.Release|x86.Deploy.0 = Release|x86
		{109C9114-B516-466D-95F7-456BCD38A48D}.Debug|Any CPU.ActiveCfg = Debug|Any CPU
		{109C9114-B516-466D-95F7-456BCD38A48D}.Debug|Any CPU.Build.0 = Debug|Any CPU
		{109C9114-B516-466D-95F7-456BCD38A48D}.Debug|ARM.ActiveCfg = Debug|Any CPU
		{109C9114-B516-466D-95F7-456BCD38A48D}.Debug|ARM.Build.0 = Debug|Any CPU
		{109C9114-B516-466D-95F7-456BCD38A48D}.Debug|x64.ActiveCfg = Debug|Any CPU
		{109C9114-B516-466D-95F7-456BCD38A48D}.Debug|x64.Build.0 = Debug|Any CPU
		{109C9114-B516-466D-95F7-456BCD38A48D}.Debug|x86.ActiveCfg = Debug|Any CPU
		{109C9114-B516-466D-95F7-456BCD38A48D}.Debug|x86.Build.0 = Debug|Any CPU
		{109C9114-B516-466D-95F7-456BCD38A48D}.Release|Any CPU.ActiveCfg = Release|Any CPU
		{109C9114-B516-466D-95F7-456BCD38A48D}.Release|Any CPU.Build.0 = Release|Any CPU
		{109C9114-B516-466D-95F7-456BCD38A48D}.Release|ARM.ActiveCfg = Release|Any CPU
		{109C9114-B516-466D-95F7-456BCD38A48D}.Release|ARM.Build.0 = Release|Any CPU
		{109C9114-B516-466D-95F7-456BCD38A48D}.Release|x64.ActiveCfg = Release|Any CPU
		{109C9114-B516-466D-95F7-456BCD38A48D}.Release|x64.Build.0 = Release|Any CPU
		{109C9114-B516-466D-95F7-456BCD38A48D}.Release|x86.ActiveCfg = Release|Any CPU
		{109C9114-B516-466D-95F7-456BCD38A48D}.Release|x86.Build.0 = Release|Any CPU
	EndGlobalSection
	GlobalSection(SolutionProperties) = preSolution
		HideSolutionNode = FALSE
	EndGlobalSection
EndGlobal
